
Microsoft Visual Studio Solution File, Format Version 12.00
# Visual Studio Version 16
VisualStudioVersion = 16.0.30503.244
MinimumVisualStudioVersion = 10.0.40219.1
Project("{FAE04EC0-301F-11D3-BF4B-00C04F79EFBC}") = "ConsoleApp2", "ConsoleApp2\ConsoleApp2.csproj", "{DD217E1B-9AFB-4C61-8ED9-1B82AD7E8D32}"
EndProject
Global
	GlobalSection(SolutionConfigurationPlatforms) = preSolution
		Debug|Any CPU = Debug|Any CPU
		Release|Any CPU = Release|Any CPU
	EndGlobalSection
	GlobalSection(ProjectConfigurationPlatforms) = postSolution
		{DD217E1B-9AFB-4C61-8ED9-1B82AD7E8D32}.Debug|Any CPU.ActiveCfg = Debug|Any CPU
		{DD217E1B-9AFB-4C61-8ED9-1B82AD7E8D32}.Debug|Any CPU.Build.0 = Debug|Any CPU
		{DD217E1B-9AFB-4C61-8ED9-1B82AD7E8D32}.Release|Any CPU.ActiveCfg = Release|Any CPU
		{DD217E1B-9AFB-4C61-8ED9-1B82AD7E8D32}.Release|Any CPU.Build.0 = Release|Any CPU
	EndGlobalSection
	GlobalSection(SolutionProperties) = preSolution
		HideSolutionNode = FALSE
	EndGlobalSection
	GlobalSection(ExtensibilityGlobals) = postSolution
		SolutionGuid = {D0EEBBD3-28C3-4FE3-95FC-166827632818}
	EndGlobalSection
EndGlobal
